
Microsoft Visual Studio Solution File, Format Version 12.00
# Visual Studio Version 17
VisualStudioVersion = 17.13.35919.96 d17.13
MinimumVisualStudioVersion = 10.0.40219.1
Project("{FAE04EC0-301F-11D3-BF4B-00C04F79EFBC}") = "elsofeladat", "elsofeladat\elsofeladat.csproj", "{53197864-D9D8-49AC-8510-86090184174F}"
EndProject
Global
	GlobalSection(SolutionConfigurationPlatforms) = preSolution
		Debug|Any CPU = Debug|Any CPU
		Release|Any CPU = Release|Any CPU
	EndGlobalSection
	GlobalSection(ProjectConfigurationPlatforms) = postSolution
		{53197864-D9D8-49AC-8510-86090184174F}.Debug|Any CPU.ActiveCfg = Debug|Any CPU
		{53197864-D9D8-49AC-8510-86090184174F}.Debug|Any CPU.Build.0 = Debug|Any CPU
		{53197864-D9D8-49AC-8510-86090184174F}.Release|Any CPU.ActiveCfg = Release|Any CPU
		{53197864-D9D8-49AC-8510-86090184174F}.Release|Any CPU.Build.0 = Release|Any CPU
	EndGlobalSection
	GlobalSection(SolutionProperties) = preSolution
		HideSolutionNode = FALSE
	EndGlobalSection
	GlobalSection(ExtensibilityGlobals) = postSolution
		SolutionGuid = {1545A0F3-2E3A-4844-A452-781074806E4E}
	EndGlobalSection
EndGlobal
